
Microsoft Visual Studio Solution File, Format Version 12.00
# Visual Studio Version 16
VisualStudioVersion = 16.0.31624.102
MinimumVisualStudioVersion = 10.0.40219.1
Project("{FAE04EC0-301F-11D3-BF4B-00C04F79EFBC}") = "Sample.FunctionApp", "Sample.FunctionApp\Sample.FunctionApp.csproj", "{CC12EF20-886D-4EBF-A195-E76681261CBB}"
EndProject
Project("{FAE04EC0-301F-11D3-BF4B-00C04F79EFBC}") = "Sample.UnitTests", "Sample.UnitTests\Sample.UnitTests.csproj", "{ED1ED6AE-D48E-4993-A32A-5B1F842F00E0}"
EndProject
Global
	GlobalSection(SolutionConfigurationPlatforms) = preSolution
		Debug|Any CPU = Debug|Any CPU
		Release|Any CPU = Release|Any CPU
	EndGlobalSection
	GlobalSection(ProjectConfigurationPlatforms) = postSolution
		{CC12EF20-886D-4EBF-A195-E76681261CBB}.Debug|Any CPU.ActiveCfg = Debug|Any CPU
		{CC12EF20-886D-4EBF-A195-E76681261CBB}.Debug|Any CPU.Build.0 = Debug|Any CPU
		{CC12EF20-886D-4EBF-A195-E76681261CBB}.Release|Any CPU.ActiveCfg = Release|Any CPU
		{CC12EF20-886D-4EBF-A195-E76681261CBB}.Release|Any CPU.Build.0 = Release|Any CPU
		{ED1ED6AE-D48E-4993-A32A-5B1F842F00E0}.Debug|Any CPU.ActiveCfg = Debug|Any CPU
		{ED1ED6AE-D48E-4993-A32A-5B1F842F00E0}.Debug|Any CPU.Build.0 = Debug|Any CPU
		{ED1ED6AE-D48E-4993-A32A-5B1F842F00E0}.Release|Any CPU.ActiveCfg = Release|Any CPU
		{ED1ED6AE-D48E-4993-A32A-5B1F842F00E0}.Release|Any CPU.Build.0 = Release|Any CPU
	EndGlobalSection
	GlobalSection(SolutionProperties) = preSolution
		HideSolutionNode = FALSE
	EndGlobalSection
	GlobalSection(ExtensibilityGlobals) = postSolution
		SolutionGuid = {C2BD5959-51AA-4386-8E97-BD7ECD3A1253}
	EndGlobalSection
EndGlobal
